
Microsoft Visual Studio Solution File, Format Version 12.00
# Visual Studio Version 17
VisualStudioVersion = 17.2.32519.379
MinimumVisualStudioVersion = 10.0.40219.1
Project("{2150E333-8FDC-42A3-9474-1A3956D46DE8}") = "FrontEnd", "FrontEnd", "{EF3386D0-8747-4723-983A-E95526CE0401}"
EndProject
Project("{9A19103F-16F7-4668-BE54-9A1E7A4F7556}") = "Jap.Web", "Jap.Web\Jap.Web.csproj", "{0E80EDF3-67CF-4A22-8116-E739E4E6B665}"
EndProject
Project("{2150E333-8FDC-42A3-9474-1A3956D46DE8}") = "Services", "Services", "{6D0B42C3-572B-4BDE-B184-6DE628544C7D}"
EndProject
Project("{9A19103F-16F7-4668-BE54-9A1E7A4F7556}") = "Jap.Services.ProductAPI", "Jap.Services.ProductAPI\Jap.Services.ProductAPI.csproj", "{929B2661-B1EA-404E-B24D-E183A6E3CBE5}"
EndProject
Project("{9A19103F-16F7-4668-BE54-9A1E7A4F7556}") = "Jap.Services.Identity", "Jap.Services.Identity\Jap.Services.Identity.csproj", "{7C1468C4-2AFE-4CEC-9A09-8C275B2375BA}"
EndProject
Project("{9A19103F-16F7-4668-BE54-9A1E7A4F7556}") = "Jap.Services.ShoppingCartAPI", "Jap.Services.ShoppongCartAPI\Jap.Services.ShoppingCartAPI.csproj", "{FD7BC0C5-95D2-400E-AC74-4B4444A04B96}"
	ProjectSection(ProjectDependencies) = postProject
		{C7038C9F-7E1E-4D82-9F15-81A25E17510C} = {C7038C9F-7E1E-4D82-9F15-81A25E17510C}
	EndProjectSection
EndProject
Project("{9A19103F-16F7-4668-BE54-9A1E7A4F7556}") = "Jap.Services.CouponAPI", "Jav.Services.CouponAPI\Jap.Services.CouponAPI.csproj", "{74CF9364-8FAC-463A-AA96-3C720A78C7F5}"
EndProject
Project("{2150E333-8FDC-42A3-9474-1A3956D46DE8}") = "Integration", "Integration", "{203EBA36-BF8A-485B-8864-5A6C83E18202}"
EndProject
Project("{9A19103F-16F7-4668-BE54-9A1E7A4F7556}") = "Jap.MessageBus", "Jap.MessageBus\Jap.MessageBus.csproj", "{C7038C9F-7E1E-4D82-9F15-81A25E17510C}"
EndProject
Project("{9A19103F-16F7-4668-BE54-9A1E7A4F7556}") = "Jap.Services.OrderAPI", "Jap.Services.OrderAPI\Jap.Services.OrderAPI.csproj", "{42DE12F2-17A6-414D-8A2D-3EDAB7742EAC}"
EndProject
Project("{2150E333-8FDC-42A3-9474-1A3956D46DE8}") = "Payment", "Payment", "{86BD2F38-6AF4-477B-A0FF-0E8A8E3C4748}"
EndProject
Project("{FAE04EC0-301F-11D3-BF4B-00C04F79EFBC}") = "PaymentProcess", "PaymentProcess\PaymentProcess.csproj", "{4DA64E18-C00D-4B91-BBC1-A20BF97ED42E}"
EndProject
Project("{FAE04EC0-301F-11D3-BF4B-00C04F79EFBC}") = "Jap.Services.PaymentAPI", "Jap.Services.PaymentAPI\Jap.Services.PaymentAPI.csproj", "{2442FAF1-6D7C-45E6-88DC-08A2B8638694}"
	ProjectSection(ProjectDependencies) = postProject
		{4DA64E18-C00D-4B91-BBC1-A20BF97ED42E} = {4DA64E18-C00D-4B91-BBC1-A20BF97ED42E}
	EndProjectSection
EndProject
Global
	GlobalSection(SolutionConfigurationPlatforms) = preSolution
		Debug|Any CPU = Debug|Any CPU
		Release|Any CPU = Release|Any CPU
	EndGlobalSection
	GlobalSection(ProjectConfigurationPlatforms) = postSolution
		{0E80EDF3-67CF-4A22-8116-E739E4E6B665}.Debug|Any CPU.ActiveCfg = Debug|Any CPU
		{0E80EDF3-67CF-4A22-8116-E739E4E6B665}.Debug|Any CPU.Build.0 = Debug|Any CPU
		{0E80EDF3-67CF-4A22-8116-E739E4E6B665}.Release|Any CPU.ActiveCfg = Release|Any CPU
		{0E80EDF3-67CF-4A22-8116-E739E4E6B665}.Release|Any CPU.Build.0 = Release|Any CPU
		{929B2661-B1EA-404E-B24D-E183A6E3CBE5}.Debug|Any CPU.ActiveCfg = Debug|Any CPU
		{929B2661-B1EA-404E-B24D-E183A6E3CBE5}.Debug|Any CPU.Build.0 = Debug|Any CPU
		{929B2661-B1EA-404E-B24D-E183A6E3CBE5}.Release|Any CPU.ActiveCfg = Release|Any CPU
		{929B2661-B1EA-404E-B24D-E183A6E3CBE5}.Release|Any CPU.Build.0 = Release|Any CPU
		{7C1468C4-2AFE-4CEC-9A09-8C275B2375BA}.Debug|Any CPU.ActiveCfg = Debug|Any CPU
		{7C1468C4-2AFE-4CEC-9A09-8C275B2375BA}.Debug|Any CPU.Build.0 = Debug|Any CPU
		{7C1468C4-2AFE-4CEC-9A09-8C275B2375BA}.Release|Any CPU.ActiveCfg = Release|Any CPU
		{7C1468C4-2AFE-4CEC-9A09-8C275B2375BA}.Release|Any CPU.Build.0 = Release|Any CPU
		{FD7BC0C5-95D2-400E-AC74-4B4444A04B96}.Debug|Any CPU.ActiveCfg = Debug|Any CPU
		{FD7BC0C5-95D2-400E-AC74-4B4444A04B96}.Debug|Any CPU.Build.0 = Debug|Any CPU
		{FD7BC0C5-95D2-400E-AC74-4B4444A04B96}.Release|Any CPU.ActiveCfg = Release|Any CPU
		{FD7BC0C5-95D2-400E-AC74-4B4444A04B96}.Release|Any CPU.Build.0 = Release|Any CPU
		{74CF9364-8FAC-463A-AA96-3C720A78C7F5}.Debug|Any CPU.ActiveCfg = Debug|Any CPU
		{74CF9364-8FAC-463A-AA96-3C720A78C7F5}.Debug|Any CPU.Build.0 = Debug|Any CPU
		{74CF9364-8FAC-463A-AA96-3C720A78C7F5}.Release|Any CPU.ActiveCfg = Release|Any CPU
		{74CF9364-8FAC-463A-AA96-3C720A78C7F5}.Release|Any CPU.Build.0 = Release|Any CPU
		{C7038C9F-7E1E-4D82-9F15-81A25E17510C}.Debug|Any CPU.ActiveCfg = Debug|Any CPU
		{C7038C9F-7E1E-4D82-9F15-81A25E17510C}.Debug|Any CPU.Build.0 = Debug|Any CPU
		{C7038C9F-7E1E-4D82-9F15-81A25E17510C}.Release|Any CPU.ActiveCfg = Release|Any CPU
		{C7038C9F-7E1E-4D82-9F15-81A25E17510C}.Release|Any CPU.Build.0 = Release|Any CPU
		{42DE12F2-17A6-414D-8A2D-3EDAB7742EAC}.Debug|Any CPU.ActiveCfg = Debug|Any CPU
		{42DE12F2-17A6-414D-8A2D-3EDAB7742EAC}.Debug|Any CPU.Build.0 = Debug|Any CPU
		{42DE12F2-17A6-414D-8A2D-3EDAB7742EAC}.Release|Any CPU.ActiveCfg = Release|Any CPU
		{42DE12F2-17A6-414D-8A2D-3EDAB7742EAC}.Release|Any CPU.Build.0 = Release|Any CPU
		{4DA64E18-C00D-4B91-BBC1-A20BF97ED42E}.Debug|Any CPU.ActiveCfg = Debug|Any CPU
		{4DA64E18-C00D-4B91-BBC1-A20BF97ED42E}.Debug|Any CPU.Build.0 = Debug|Any CPU
		{4DA64E18-C00D-4B91-BBC1-A20BF97ED42E}.Release|Any CPU.ActiveCfg = Release|Any CPU
		{4DA64E18-C00D-4B91-BBC1-A20BF97ED42E}.Release|Any CPU.Build.0 = Release|Any CPU
		{2442FAF1-6D7C-45E6-88DC-08A2B8638694}.Debug|Any CPU.ActiveCfg = Debug|Any CPU
		{2442FAF1-6D7C-45E6-88DC-08A2B8638694}.Debug|Any CPU.Build.0 = Debug|Any CPU
		{2442FAF1-6D7C-45E6-88DC-08A2B8638694}.Release|Any CPU.ActiveCfg = Release|Any CPU
		{2442FAF1-6D7C-45E6-88DC-08A2B8638694}.Release|Any CPU.Build.0 = Release|Any CPU
	EndGlobalSection
	GlobalSection(SolutionProperties) = preSolution
		HideSolutionNode = FALSE
	EndGlobalSection
	GlobalSection(NestedProjects) = preSolution
		{0E80EDF3-67CF-4A22-8116-E739E4E6B665} = {EF3386D0-8747-4723-983A-E95526CE0401}
		{929B2661-B1EA-404E-B24D-E183A6E3CBE5} = {6D0B42C3-572B-4BDE-B184-6DE628544C7D}
		{7C1468C4-2AFE-4CEC-9A09-8C275B2375BA} = {6D0B42C3-572B-4BDE-B184-6DE628544C7D}
		{FD7BC0C5-95D2-400E-AC74-4B4444A04B96} = {6D0B42C3-572B-4BDE-B184-6DE628544C7D}
		{74CF9364-8FAC-463A-AA96-3C720A78C7F5} = {6D0B42C3-572B-4BDE-B184-6DE628544C7D}
		{C7038C9F-7E1E-4D82-9F15-81A25E17510C} = {203EBA36-BF8A-485B-8864-5A6C83E18202}
		{42DE12F2-17A6-414D-8A2D-3EDAB7742EAC} = {6D0B42C3-572B-4BDE-B184-6DE628544C7D}
		{4DA64E18-C00D-4B91-BBC1-A20BF97ED42E} = {86BD2F38-6AF4-477B-A0FF-0E8A8E3C4748}
		{2442FAF1-6D7C-45E6-88DC-08A2B8638694} = {6D0B42C3-572B-4BDE-B184-6DE628544C7D}
	EndGlobalSection
	GlobalSection(ExtensibilityGlobals) = postSolution
		SolutionGuid = {DDD0DD85-A6F2-4F6A-8855-27A79E2315DF}
	EndGlobalSection
EndGlobal
